
Microsoft Visual Studio Solution File, Format Version 12.00
# Visual Studio Version 17
VisualStudioVersion = 17.7.34221.43
MinimumVisualStudioVersion = 10.0.40219.1
Project("{FAE04EC0-301F-11D3-BF4B-00C04F79EFBC}") = "ooad_project1", "ooad_project1\ooad_project1.csproj", "{6926EC99-54A2-42EB-9EE2-BF2A85BB1625}"
EndProject
Project("{FAE04EC0-301F-11D3-BF4B-00C04F79EFBC}") = "Client_base", "Client_base\Client_base.csproj", "{46E9445A-8399-4326-BC90-188A413C1AF1}"
EndProject
Project("{FAE04EC0-301F-11D3-BF4B-00C04F79EFBC}") = "DDL", "ClassLibrary1\DDL.csproj", "{4881E1FF-93F9-48A0-A83E-D4476A7D372F}"
EndProject
Project("{FAE04EC0-301F-11D3-BF4B-00C04F79EFBC}") = "BAL", "BAL\BAL.csproj", "{5C6167EA-8976-47E1-80C2-8CF9A5B7452D}"
EndProject
Global
	GlobalSection(SolutionConfigurationPlatforms) = preSolution
		Debug|Any CPU = Debug|Any CPU
		Debug|ARM = Debug|ARM
		Debug|ARM64 = Debug|ARM64
		Debug|x64 = Debug|x64
		Debug|x86 = Debug|x86
		Release|Any CPU = Release|Any CPU
		Release|ARM = Release|ARM
		Release|ARM64 = Release|ARM64
		Release|x64 = Release|x64
		Release|x86 = Release|x86
	EndGlobalSection
	GlobalSection(ProjectConfigurationPlatforms) = postSolution
		{6926EC99-54A2-42EB-9EE2-BF2A85BB1625}.Debug|Any CPU.ActiveCfg = Debug|Any CPU
		{6926EC99-54A2-42EB-9EE2-BF2A85BB1625}.Debug|Any CPU.Build.0 = Debug|Any CPU
		{6926EC99-54A2-42EB-9EE2-BF2A85BB1625}.Debug|ARM.ActiveCfg = Debug|Any CPU
		{6926EC99-54A2-42EB-9EE2-BF2A85BB1625}.Debug|ARM.Build.0 = Debug|Any CPU
		{6926EC99-54A2-42EB-9EE2-BF2A85BB1625}.Debug|ARM64.ActiveCfg = Debug|Any CPU
		{6926EC99-54A2-42EB-9EE2-BF2A85BB1625}.Debug|ARM64.Build.0 = Debug|Any CPU
		{6926EC99-54A2-42EB-9EE2-BF2A85BB1625}.Debug|x64.ActiveCfg = Debug|Any CPU
		{6926EC99-54A2-42EB-9EE2-BF2A85BB1625}.Debug|x64.Build.0 = Debug|Any CPU
		{6926EC99-54A2-42EB-9EE2-BF2A85BB1625}.Debug|x86.ActiveCfg = Debug|Any CPU
		{6926EC99-54A2-42EB-9EE2-BF2A85BB1625}.Debug|x86.Build.0 = Debug|Any CPU
		{6926EC99-54A2-42EB-9EE2-BF2A85BB1625}.Release|Any CPU.ActiveCfg = Release|Any CPU
		{6926EC99-54A2-42EB-9EE2-BF2A85BB1625}.Release|Any CPU.Build.0 = Release|Any CPU
		{6926EC99-54A2-42EB-9EE2-BF2A85BB1625}.Release|ARM.ActiveCfg = Release|Any CPU
		{6926EC99-54A2-42EB-9EE2-BF2A85BB1625}.Release|ARM.Build.0 = Release|Any CPU
		{6926EC99-54A2-42EB-9EE2-BF2A85BB1625}.Release|ARM64.ActiveCfg = Release|Any CPU
		{6926EC99-54A2-42EB-9EE2-BF2A85BB1625}.Release|ARM64.Build.0 = Release|Any CPU
		{6926EC99-54A2-42EB-9EE2-BF2A85BB1625}.Release|x64.ActiveCfg = Release|Any CPU
		{6926EC99-54A2-42EB-9EE2-BF2A85BB1625}.Release|x64.Build.0 = Release|Any CPU
		{6926EC99-54A2-42EB-9EE2-BF2A85BB1625}.Release|x86.ActiveCfg = Release|Any CPU
		{6926EC99-54A2-42EB-9EE2-BF2A85BB1625}.Release|x86.Build.0 = Release|Any CPU
		{46E9445A-8399-4326-BC90-188A413C1AF1}.Debug|Any CPU.ActiveCfg = Debug|Any CPU
		{46E9445A-8399-4326-BC90-188A413C1AF1}.Debug|Any CPU.Build.0 = Debug|Any CPU
		{46E9445A-8399-4326-BC90-188A413C1AF1}.Debug|ARM.ActiveCfg = Debug|Any CPU
		{46E9445A-8399-4326-BC90-188A413C1AF1}.Debug|ARM.Build.0 = Debug|Any CPU
		{46E9445A-8399-4326-BC90-188A413C1AF1}.Debug|ARM64.ActiveCfg = Debug|Any CPU
		{46E9445A-8399-4326-BC90-188A413C1AF1}.Debug|ARM64.Build.0 = Debug|Any CPU
		{46E9445A-8399-4326-BC90-188A413C1AF1}.Debug|x64.ActiveCfg = Debug|Any CPU
		{46E9445A-8399-4326-BC90-188A413C1AF1}.Debug|x64.Build.0 = Debug|Any CPU
		{46E9445A-8399-4326-BC90-188A413C1AF1}.Debug|x86.ActiveCfg = Debug|Any CPU
		{46E9445A-8399-4326-BC90-188A413C1AF1}.Debug|x86.Build.0 = Debug|Any CPU
		{46E9445A-8399-4326-BC90-188A413C1AF1}.Release|Any CPU.ActiveCfg = Release|Any CPU
		{46E9445A-8399-4326-BC90-188A413C1AF1}.Release|Any CPU.Build.0 = Release|Any CPU
		{46E9445A-8399-4326-BC90-188A413C1AF1}.Release|ARM.ActiveCfg = Release|Any CPU
		{46E9445A-8399-4326-BC90-188A413C1AF1}.Release|ARM.Build.0 = Release|Any CPU
		{46E9445A-8399-4326-BC90-188A413C1AF1}.Release|ARM64.ActiveCfg = Release|Any CPU
		{46E9445A-8399-4326-BC90-188A413C1AF1}.Release|ARM64.Build.0 = Release|Any CPU
		{46E9445A-8399-4326-BC90-188A413C1AF1}.Release|x64.ActiveCfg = Release|Any CPU
		{46E9445A-8399-4326-BC90-188A413C1AF1}.Release|x64.Build.0 = Release|Any CPU
		{46E9445A-8399-4326-BC90-188A413C1AF1}.Release|x86.ActiveCfg = Release|Any CPU
		{46E9445A-8399-4326-BC90-188A413C1AF1}.Release|x86.Build.0 = Release|Any CPU
		{4881E1FF-93F9-48A0-A83E-D4476A7D372F}.Debug|Any CPU.ActiveCfg = Debug|Any CPU
		{4881E1FF-93F9-48A0-A83E-D4476A7D372F}.Debug|Any CPU.Build.0 = Debug|Any CPU
		{4881E1FF-93F9-48A0-A83E-D4476A7D372F}.Debug|ARM.ActiveCfg = Debug|Any CPU
		{4881E1FF-93F9-48A0-A83E-D4476A7D372F}.Debug|ARM.Build.0 = Debug|Any CPU
		{4881E1FF-93F9-48A0-A83E-D4476A7D372F}.Debug|ARM64.ActiveCfg = Debug|Any CPU
		{4881E1FF-93F9-48A0-A83E-D4476A7D372F}.Debug|ARM64.Build.0 = Debug|Any CPU
		{4881E1FF-93F9-48A0-A83E-D4476A7D372F}.Debug|x64.ActiveCfg = Debug|Any CPU
		{4881E1FF-93F9-48A0-A83E-D4476A7D372F}.Debug|x64.Build.0 = Debug|Any CPU
		{4881E1FF-93F9-48A0-A83E-D4476A7D372F}.Debug|x86.ActiveCfg = Debug|Any CPU
		{4881E1FF-93F9-48A0-A83E-D4476A7D372F}.Debug|x86.Build.0 = Debug|Any CPU
		{4881E1FF-93F9-48A0-A83E-D4476A7D372F}.Release|Any CPU.ActiveCfg = Release|Any CPU
		{4881E1FF-93F9-48A0-A83E-D4476A7D372F}.Release|Any CPU.Build.0 = Release|Any CPU
		{4881E1FF-93F9-48A0-A83E-D4476A7D372F}.Release|ARM.ActiveCfg = Release|Any CPU
		{4881E1FF-93F9-48A0-A83E-D4476A7D372F}.Release|ARM.Build.0 = Release|Any CPU
		{4881E1FF-93F9-48A0-A83E-D4476A7D372F}.Release|ARM64.ActiveCfg = Release|Any CPU
		{4881E1FF-93F9-48A0-A83E-D4476A7D372F}.Release|ARM64.Build.0 = Release|Any CPU
		{4881E1FF-93F9-48A0-A83E-D4476A7D372F}.Release|x64.ActiveCfg = Release|Any CPU
		{4881E1FF-93F9-48A0-A83E-D4476A7D372F}.Release|x64.Build.0 = Release|Any CPU
		{4881E1FF-93F9-48A0-A83E-D4476A7D372F}.Release|x86.ActiveCfg = Release|Any CPU
		{4881E1FF-93F9-48A0-A83E-D4476A7D372F}.Release|x86.Build.0 = Release|Any CPU
		{5C6167EA-8976-47E1-80C2-8CF9A5B7452D}.Debug|Any CPU.ActiveCfg = Debug|Any CPU
		{5C6167EA-8976-47E1-80C2-8CF9A5B7452D}.Debug|Any CPU.Build.0 = Debug|Any CPU
		{5C6167EA-8976-47E1-80C2-8CF9A5B7452D}.Debug|ARM.ActiveCfg = Debug|Any CPU
		{5C6167EA-8976-47E1-80C2-8CF9A5B7452D}.Debug|ARM.Build.0 = Debug|Any CPU
		{5C6167EA-8976-47E1-80C2-8CF9A5B7452D}.Debug|ARM64.ActiveCfg = Debug|Any CPU
		{5C6167EA-8976-47E1-80C2-8CF9A5B7452D}.Debug|ARM64.Build.0 = Debug|Any CPU
		{5C6167EA-8976-47E1-80C2-8CF9A5B7452D}.Debug|x64.ActiveCfg = Debug|Any CPU
		{5C6167EA-8976-47E1-80C2-8CF9A5B7452D}.Debug|x64.Build.0 = Debug|Any CPU
		{5C6167EA-8976-47E1-80C2-8CF9A5B7452D}.Debug|x86.ActiveCfg = Debug|Any CPU
		{5C6167EA-8976-47E1-80C2-8CF9A5B7452D}.Debug|x86.Build.0 = Debug|Any CPU
		{5C6167EA-8976-47E1-80C2-8CF9A5B7452D}.Release|Any CPU.ActiveCfg = Release|Any CPU
		{5C6167EA-8976-47E1-80C2-8CF9A5B7452D}.Release|Any CPU.Build.0 = Release|Any CPU
		{5C6167EA-8976-47E1-80C2-8CF9A5B7452D}.Release|ARM.ActiveCfg = Release|Any CPU
		{5C6167EA-8976-47E1-80C2-8CF9A5B7452D}.Release|ARM.Build.0 = Release|Any CPU
		{5C6167EA-8976-47E1-80C2-8CF9A5B7452D}.Release|ARM64.ActiveCfg = Release|Any CPU
		{5C6167EA-8976-47E1-80C2-8CF9A5B7452D}.Release|ARM64.Build.0 = Release|Any CPU
		{5C6167EA-8976-47E1-80C2-8CF9A5B7452D}.Release|x64.ActiveCfg = Release|Any CPU
		{5C6167EA-8976-47E1-80C2-8CF9A5B7452D}.Release|x64.Build.0 = Release|Any CPU
		{5C6167EA-8976-47E1-80C2-8CF9A5B7452D}.Release|x86.ActiveCfg = Release|Any CPU
		{5C6167EA-8976-47E1-80C2-8CF9A5B7452D}.Release|x86.Build.0 = Release|Any CPU
	EndGlobalSection
	GlobalSection(SolutionProperties) = preSolution
		HideSolutionNode = FALSE
	EndGlobalSection
	GlobalSection(ExtensibilityGlobals) = postSolution
		SolutionGuid = {02D4E919-D48D-457D-8EEE-6992089092B2}
	EndGlobalSection
EndGlobal
